
Microsoft Visual Studio Solution File, Format Version 12.00
# Visual Studio Version 17
VisualStudioVersion = 17.0.31903.59
MinimumVisualStudioVersion = 10.0.40219.1
Project("{FAE04EC0-301F-11D3-BF4B-00C04F79EFBC}") = "ThBIMServer", "ThBIMServer.csproj", "{0D1E146F-890B-4E38-B3D3-F310D0DCE4CE}"
EndProject
Global
	GlobalSection(SolutionConfigurationPlatforms) = preSolution
		Debug|Any CPU = Debug|Any CPU
		Release|Any CPU = Release|Any CPU
	EndGlobalSection
	GlobalSection(ProjectConfigurationPlatforms) = postSolution
		{0D1E146F-890B-4E38-B3D3-F310D0DCE4CE}.Debug|Any CPU.ActiveCfg = Debug|Any CPU
		{0D1E146F-890B-4E38-B3D3-F310D0DCE4CE}.Debug|Any CPU.Build.0 = Debug|Any CPU
		{0D1E146F-890B-4E38-B3D3-F310D0DCE4CE}.Release|Any CPU.ActiveCfg = Release|Any CPU
		{0D1E146F-890B-4E38-B3D3-F310D0DCE4CE}.Release|Any CPU.Build.0 = Release|Any CPU
	EndGlobalSection
	GlobalSection(SolutionProperties) = preSolution
		HideSolutionNode = FALSE
	EndGlobalSection
	GlobalSection(ExtensibilityGlobals) = postSolution
		SolutionGuid = {D48AB96A-81A2-4E21-956D-581D2BDDB291}
	EndGlobalSection
EndGlobal
